// !$*UTF8*$!
{
	archiveVersion = 1;
	classes = {
	};
	objectVersion = 56;
	objects = {

/* Begin PBXBuildFile section */
		0016EF8A2D679D5800E83050 /* buttonSound.swift in Sources */ = {isa = PBXBuildFile; fileRef = 0016EF892D679D5800E83050 /* buttonSound.swift */; };
		0016EF8E2D67A23C00E83050 /* startSound.mp3 in Resources */ = {isa = PBXBuildFile; fileRef = 0016EF8D2D67A23C00E83050 /* startSound.mp3 */; };
		0016EF902D67A24F00E83050 /* playSound.mp3 in Resources */ = {isa = PBXBuildFile; fileRef = 0016EF8F2D67A24F00E83050 /* playSound.mp3 */; };
		0016EF922D67A25700E83050 /* bubbleSound.mp3 in Resources */ = {isa = PBXBuildFile; fileRef = 0016EF912D67A25700E83050 /* bubbleSound.mp3 */; };
		0038ED962D6510B60077E875 /* Space_InvadersApp.swift in Sources */ = {isa = PBXBuildFile; fileRef = 0038ED952D6510B60077E875 /* Space_InvadersApp.swift */; };
		0038ED982D6510B60077E875 /* ContentView.swift in Sources */ = {isa = PBXBuildFile; fileRef = 0038ED972D6510B60077E875 /* ContentView.swift */; };
		0038ED9A2D6510B70077E875 /* Assets.xcassets in Resources */ = {isa = PBXBuildFile; fileRef = 0038ED992D6510B70077E875 /* Assets.xcassets */; };
		0038ED9D2D6510B70077E875 /* Preview Assets.xcassets in Resources */ = {isa = PBXBuildFile; fileRef = 0038ED9C2D6510B70077E875 /* Preview Assets.xcassets */; };
		0038EDA72D6510B70077E875 /* Space_InvadersTests.swift in Sources */ = {isa = PBXBuildFile; fileRef = 0038EDA62D6510B70077E875 /* Space_InvadersTests.swift */; };
		0038EDB12D6510B70077E875 /* Space_InvadersUITests.swift in Sources */ = {isa = PBXBuildFile; fileRef = 0038EDB02D6510B70077E875 /* Space_InvadersUITests.swift */; };
		0038EDB32D6510B70077E875 /* Space_InvadersUITestsLaunchTests.swift in Sources */ = {isa = PBXBuildFile; fileRef = 0038EDB22D6510B70077E875 /* Space_InvadersUITestsLaunchTests.swift */; };
		0038EDC12D65CC520077E875 /* PrimaryButton.swift in Sources */ = {isa = PBXBuildFile; fileRef = 0038EDC02D65CC520077E875 /* PrimaryButton.swift */; };
		0038EDC42D65CDCB0077E875 /* StartView.swift in Sources */ = {isa = PBXBuildFile; fileRef = 0038EDC32D65CDCB0077E875 /* StartView.swift */; };
		0038EDC62D65D2530077E875 /* Extensions.swift in Sources */ = {isa = PBXBuildFile; fileRef = 0038EDC52D65D2530077E875 /* Extensions.swift */; };
		0038EDCC2D65EEFC0077E875 /* BackgroundView.swift in Sources */ = {isa = PBXBuildFile; fileRef = 0038EDCB2D65EEFC0077E875 /* BackgroundView.swift */; };
		009023202D6659F900723AF5 /* mainView.swift in Sources */ = {isa = PBXBuildFile; fileRef = 0090231F2D6659F900723AF5 /* mainView.swift */; };
/* End PBXBuildFile section */

/* Begin PBXContainerItemProxy section */
		0038EDA32D6510B70077E875 /* PBXContainerItemProxy */ = {
			isa = PBXContainerItemProxy;
			containerPortal = 0038ED8A2D6510B60077E875 /* Project object */;
			proxyType = 1;
			remoteGlobalIDString = 0038ED912D6510B60077E875;
			remoteInfo = "Space Invaders";
		};
		0038EDAD2D6510B70077E875 /* PBXContainerItemProxy */ = {
			isa = PBXContainerItemProxy;
			containerPortal = 0038ED8A2D6510B60077E875 /* Project object */;
			proxyType = 1;
			remoteGlobalIDString = 0038ED912D6510B60077E875;
			remoteInfo = "Space Invaders";
		};
/* End PBXContainerItemProxy section */

/* Begin PBXFileReference section */
		0016EF892D679D5800E83050 /* buttonSound.swift */ = {isa = PBXFileReference; lastKnownFileType = sourcecode.swift; path = buttonSound.swift; sourceTree = "<group>"; };
		0016EF8D2D67A23C00E83050 /* startSound.mp3 */ = {isa = PBXFileReference; lastKnownFileType = audio.mp3; path = startSound.mp3; sourceTree = "<group>"; };
		0016EF8F2D67A24F00E83050 /* playSound.mp3 */ = {isa = PBXFileReference; lastKnownFileType = audio.mp3; path = playSound.mp3; sourceTree = "<group>"; };
		0016EF912D67A25700E83050 /* bubbleSound.mp3 */ = {isa = PBXFileReference; lastKnownFileType = audio.mp3; path = bubbleSound.mp3; sourceTree = "<group>"; };
		0038ED922D6510B60077E875 /* Space Invaders.app */ = {isa = PBXFileReference; explicitFileType = wrapper.application; includeInIndex = 0; path = "Space Invaders.app"; sourceTree = BUILT_PRODUCTS_DIR; };
		0038ED952D6510B60077E875 /* Space_InvadersApp.swift */ = {isa = PBXFileReference; lastKnownFileType = sourcecode.swift; path = Space_InvadersApp.swift; sourceTree = "<group>"; };
		0038ED972D6510B60077E875 /* ContentView.swift */ = {isa = PBXFileReference; lastKnownFileType = sourcecode.swift; path = ContentView.swift; sourceTree = "<group>"; };
		0038ED992D6510B70077E875 /* Assets.xcassets */ = {isa = PBXFileReference; lastKnownFileType = folder.assetcatalog; path = Assets.xcassets; sourceTree = "<group>"; };
		0038ED9C2D6510B70077E875 /* Preview Assets.xcassets */ = {isa = PBXFileReference; lastKnownFileType = folder.assetcatalog; path = "Preview Assets.xcassets"; sourceTree = "<group>"; };
		0038EDA22D6510B70077E875 /* Space InvadersTests.xctest */ = {isa = PBXFileReference; explicitFileType = wrapper.cfbundle; includeInIndex = 0; path = "Space InvadersTests.xctest"; sourceTree = BUILT_PRODUCTS_DIR; };
		0038EDA62D6510B70077E875 /* Space_InvadersTests.swift */ = {isa = PBXFileReference; lastKnownFileType = sourcecode.swift; path = Space_InvadersTests.swift; sourceTree = "<group>"; };
		0038EDAC2D6510B70077E875 /* Space InvadersUITests.xctest */ = {isa = PBXFileReference; explicitFileType = wrapper.cfbundle; includeInIndex = 0; path = "Space InvadersUITests.xctest"; sourceTree = BUILT_PRODUCTS_DIR; };
		0038EDB02D6510B70077E875 /* Space_InvadersUITests.swift */ = {isa = PBXFileReference; lastKnownFileType = sourcecode.swift; path = Space_InvadersUITests.swift; sourceTree = "<group>"; };
		0038EDB22D6510B70077E875 /* Space_InvadersUITestsLaunchTests.swift */ = {isa = PBXFileReference; lastKnownFileType = sourcecode.swift; path = Space_InvadersUITestsLaunchTests.swift; sourceTree = "<group>"; };
		0038EDC02D65CC520077E875 /* PrimaryButton.swift */ = {isa = PBXFileReference; lastKnownFileType = sourcecode.swift; path = PrimaryButton.swift; sourceTree = "<group>"; };
		0038EDC32D65CDCB0077E875 /* StartView.swift */ = {isa = PBXFileReference; lastKnownFileType = sourcecode.swift; path = StartView.swift; sourceTree = "<group>"; };
		0038EDC52D65D2530077E875 /* Extensions.swift */ = {isa = PBXFileReference; lastKnownFileType = sourcecode.swift; path = Extensions.swift; sourceTree = "<group>"; };
		0038EDCB2D65EEFC0077E875 /* BackgroundView.swift */ = {isa = PBXFileReference; lastKnownFileType = sourcecode.swift; path = BackgroundView.swift; sourceTree = "<group>"; };
		0090231F2D6659F900723AF5 /* mainView.swift */ = {isa = PBXFileReference; lastKnownFileType = sourcecode.swift; path = mainView.swift; sourceTree = "<group>"; };
/* End PBXFileReference section */

/* Begin PBXFrameworksBuildPhase section */
		0038ED8F2D6510B60077E875 /* Frameworks */ = {
			isa = PBXFrameworksBuildPhase;
			buildActionMask = 2147483647;
			files = (
			);
			runOnlyForDeploymentPostprocessing = 0;
		};
		0038ED9F2D6510B70077E875 /* Frameworks */ = {
			isa = PBXFrameworksBuildPhase;
			buildActionMask = 2147483647;
			files = (
			);
			runOnlyForDeploymentPostprocessing = 0;
		};
		0038EDA92D6510B70077E875 /* Frameworks */ = {
			isa = PBXFrameworksBuildPhase;
			buildActionMask = 2147483647;
			files = (
			);
			runOnlyForDeploymentPostprocessing = 0;
		};
/* End PBXFrameworksBuildPhase section */

/* Begin PBXGroup section */
		0016EF882D679D1C00E83050 /* sound */ = {
			isa = PBXGroup;
			children = (
				0016EF912D67A25700E83050 /* bubbleSound.mp3 */,
				0016EF8F2D67A24F00E83050 /* playSound.mp3 */,
				0016EF8D2D67A23C00E83050 /* startSound.mp3 */,
				0016EF892D679D5800E83050 /* buttonSound.swift */,
			);
			path = sound;
			sourceTree = "<group>";
		};
		0038ED892D6510B60077E875 = {
			isa = PBXGroup;
			children = (
				0038ED942D6510B60077E875 /* Space Invaders */,
				0038EDA52D6510B70077E875 /* Space InvadersTests */,
				0038EDAF2D6510B70077E875 /* Space InvadersUITests */,
				0038ED932D6510B60077E875 /* Products */,
			);
			sourceTree = "<group>";
		};
		0038ED932D6510B60077E875 /* Products */ = {
			isa = PBXGroup;
			children = (
				0038ED922D6510B60077E875 /* Space Invaders.app */,
				0038EDA22D6510B70077E875 /* Space InvadersTests.xctest */,
				0038EDAC2D6510B70077E875 /* Space InvadersUITests.xctest */,
			);
			name = Products;
			sourceTree = "<group>";
		};
		0038ED942D6510B60077E875 /* Space Invaders */ = {
			isa = PBXGroup;
			children = (
				0038ED952D6510B60077E875 /* Space_InvadersApp.swift */,
				0038EDC22D65CD9B0077E875 /* View */,
				0038EDBF2D65CC060077E875 /* components */,
				0038ED992D6510B70077E875 /* Assets.xcassets */,
				0038EDC52D65D2530077E875 /* Extensions.swift */,
				0016EF882D679D1C00E83050 /* sound */,
				0038ED9B2D6510B70077E875 /* Preview Content */,
			);
			path = "Space Invaders";
			sourceTree = "<group>";
		};
		0038ED9B2D6510B70077E875 /* Preview Content */ = {
			isa = PBXGroup;
			children = (
				0038ED9C2D6510B70077E875 /* Preview Assets.xcassets */,
			);
			path = "Preview Content";
			sourceTree = "<group>";
		};
		0038EDA52D6510B70077E875 /* Space InvadersTests */ = {
			isa = PBXGroup;
			children = (
				0038EDA62D6510B70077E875 /* Space_InvadersTests.swift */,
			);
			path = "Space InvadersTests";
			sourceTree = "<group>";
		};
		0038EDAF2D6510B70077E875 /* Space InvadersUITests */ = {
			isa = PBXGroup;
			children = (
				0038EDB02D6510B70077E875 /* Space_InvadersUITests.swift */,
				0038EDB22D6510B70077E875 /* Space_InvadersUITestsLaunchTests.swift */,
			);
			path = "Space InvadersUITests";
			sourceTree = "<group>";
		};
		0038EDBF2D65CC060077E875 /* components */ = {
			isa = PBXGroup;
			children = (
				0038EDC02D65CC520077E875 /* PrimaryButton.swift */,
			);
			path = components;
			sourceTree = "<group>";
		};
		0038EDC22D65CD9B0077E875 /* View */ = {
			isa = PBXGroup;
			children = (
				0090231F2D6659F900723AF5 /* mainView.swift */,
				0038EDC32D65CDCB0077E875 /* StartView.swift */,
				0038EDCB2D65EEFC0077E875 /* BackgroundView.swift */,
				0038ED972D6510B60077E875 /* ContentView.swift */,
			);
			path = View;
			sourceTree = "<group>";
		};
/* End PBXGroup section */

/* Begin PBXNativeTarget section */
		0038ED912D6510B60077E875 /* Space Invaders */ = {
			isa = PBXNativeTarget;
			buildConfigurationList = 0038EDB62D6510B70077E875 /* Build configuration list for PBXNativeTarget "Space Invaders" */;
			buildPhases = (
				0038ED8E2D6510B60077E875 /* Sources */,
				0038ED8F2D6510B60077E875 /* Frameworks */,
				0038ED902D6510B60077E875 /* Resources */,
			);
			buildRules = (
			);
			dependencies = (
			);
			name = "Space Invaders";
			productName = "Space Invaders";
			productReference = 0038ED922D6510B60077E875 /* Space Invaders.app */;
			productType = "com.apple.product-type.application";
		};
		0038EDA12D6510B70077E875 /* Space InvadersTests */ = {
			isa = PBXNativeTarget;
			buildConfigurationList = 0038EDB92D6510B70077E875 /* Build configuration list for PBXNativeTarget "Space InvadersTests" */;
			buildPhases = (
				0038ED9E2D6510B70077E875 /* Sources */,
				0038ED9F2D6510B70077E875 /* Frameworks */,
				0038EDA02D6510B70077E875 /* Resources */,
			);
			buildRules = (
			);
			dependencies = (
				0038EDA42D6510B70077E875 /* PBXTargetDependency */,
			);
			name = "Space InvadersTests";
			productName = "Space InvadersTests";
			productReference = 0038EDA22D6510B70077E875 /* Space InvadersTests.xctest */;
			productType = "com.apple.product-type.bundle.unit-test";
		};
		0038EDAB2D6510B70077E875 /* Space InvadersUITests */ = {
			isa = PBXNativeTarget;
			buildConfigurationList = 0038EDBC2D6510B70077E875 /* Build configuration list for PBXNativeTarget "Space InvadersUITests" */;
			buildPhases = (
				0038EDA82D6510B70077E875 /* Sources */,
				0038EDA92D6510B70077E875 /* Frameworks */,
				0038EDAA2D6510B70077E875 /* Resources */,
			);
			buildRules = (
			);
			dependencies = (
				0038EDAE2D6510B70077E875 /* PBXTargetDependency */,
			);
			name = "Space InvadersUITests";
			productName = "Space InvadersUITests";
			productReference = 0038EDAC2D6510B70077E875 /* Space InvadersUITests.xctest */;
			productType = "com.apple.product-type.bundle.ui-testing";
		};
/* End PBXNativeTarget section */

/* Begin PBXProject section */
		0038ED8A2D6510B60077E875 /* Project object */ = {
			isa = PBXProject;
			attributes = {
				BuildIndependentTargetsInParallel = 1;
				LastSwiftUpdateCheck = 1540;
				LastUpgradeCheck = 1540;
				TargetAttributes = {
					0038ED912D6510B60077E875 = {
						CreatedOnToolsVersion = 15.4;
					};
					0038EDA12D6510B70077E875 = {
						CreatedOnToolsVersion = 15.4;
						TestTargetID = 0038ED912D6510B60077E875;
					};
					0038EDAB2D6510B70077E875 = {
						CreatedOnToolsVersion = 15.4;
						TestTargetID = 0038ED912D6510B60077E875;
					};
				};
			};
			buildConfigurationList = 0038ED8D2D6510B60077E875 /* Build configuration list for PBXProject "Space Invaders" */;
			compatibilityVersion = "Xcode 14.0";
			developmentRegion = en;
			hasScannedForEncodings = 0;
			knownRegions = (
				en,
				Base,
			);
			mainGroup = 0038ED892D6510B60077E875;
			productRefGroup = 0038ED932D6510B60077E875 /* Products */;
			projectDirPath = "";
			projectRoot = "";
			targets = (
				0038ED912D6510B60077E875 /* Space Invaders */,
				0038EDA12D6510B70077E875 /* Space InvadersTests */,
				0038EDAB2D6510B70077E875 /* Space InvadersUITests */,
			);
		};
/* End PBXProject section */

/* Begin PBXResourcesBuildPhase section */
		0038ED902D6510B60077E875 /* Resources */ = {
			isa = PBXResourcesBuildPhase;
			buildActionMask = 2147483647;
			files = (
				0038ED9D2D6510B70077E875 /* Preview Assets.xcassets in Resources */,
				0038ED9A2D6510B70077E875 /* Assets.xcassets in Resources */,
				0016EF922D67A25700E83050 /* bubbleSound.mp3 in Resources */,
				0016EF902D67A24F00E83050 /* playSound.mp3 in Resources */,
				0016EF8E2D67A23C00E83050 /* startSound.mp3 in Resources */,
			);
			runOnlyForDeploymentPostprocessing = 0;
		};
		0038EDA02D6510B70077E875 /* Resources */ = {
			isa = PBXResourcesBuildPhase;
			buildActionMask = 2147483647;
			files = (
			);
			runOnlyForDeploymentPostprocessing = 0;
		};
		0038EDAA2D6510B70077E875 /* Resources */ = {
			isa = PBXResourcesBuildPhase;
			buildActionMask = 2147483647;
			files = (
			);
			runOnlyForDeploymentPostprocessing = 0;
		};
/* End PBXResourcesBuildPhase section */

/* Begin PBXSourcesBuildPhase section */
		0038ED8E2D6510B60077E875 /* Sources */ = {
			isa = PBXSourcesBuildPhase;
			buildActionMask = 2147483647;
			files = (
				0038EDCC2D65EEFC0077E875 /* BackgroundView.swift in Sources */,
				0016EF8A2D679D5800E83050 /* buttonSound.swift in Sources */,
				0038EDC62D65D2530077E875 /* Extensions.swift in Sources */,
				009023202D6659F900723AF5 /* mainView.swift in Sources */,
				0038EDC12D65CC520077E875 /* PrimaryButton.swift in Sources */,
				0038ED982D6510B60077E875 /* ContentView.swift in Sources */,
				0038ED962D6510B60077E875 /* Space_InvadersApp.swift in Sources */,
				0038EDC42D65CDCB0077E875 /* StartView.swift in Sources */,
			);
			runOnlyForDeploymentPostprocessing = 0;
		};
		0038ED9E2D6510B70077E875 /* Sources */ = {
			isa = PBXSourcesBuildPhase;
			buildActionMask = 2147483647;
			files = (
				0038EDA72D6510B70077E875 /* Space_InvadersTests.swift in Sources */,
			);
			runOnlyForDeploymentPostprocessing = 0;
		};
		0038EDA82D6510B70077E875 /* Sources */ = {
			isa = PBXSourcesBuildPhase;
			buildActionMask = 2147483647;
			files = (
				0038EDB12D6510B70077E875 /* Space_InvadersUITests.swift in Sources */,
				0038EDB32D6510B70077E875 /* Space_InvadersUITestsLaunchTests.swift in Sources */,
			);
			runOnlyForDeploymentPostprocessing = 0;
		};
/* End PBXSourcesBuildPhase section */

/* Begin PBXTargetDependency section */
		0038EDA42D6510B70077E875 /* PBXTargetDependency */ = {
			isa = PBXTargetDependency;
			target = 0038ED912D6510B60077E875 /* Space Invaders */;
			targetProxy = 0038EDA32D6510B70077E875 /* PBXContainerItemProxy */;
		};
		0038EDAE2D6510B70077E875 /* PBXTargetDependency */ = {
			isa = PBXTargetDependency;
			target = 0038ED912D6510B60077E875 /* Space Invaders */;
			targetProxy = 0038EDAD2D6510B70077E875 /* PBXContainerItemProxy */;
		};
/* End PBXTargetDependency section */

/* Begin XCBuildConfiguration section */
		0038EDB42D6510B70077E875 /* Debug */ = {
			isa = XCBuildConfiguration;
			buildSettings = {
				ALWAYS_SEARCH_USER_PATHS = NO;
				ASSETCATALOG_COMPILER_GENERATE_SWIFT_ASSET_SYMBOL_EXTENSIONS = YES;
				CLANG_ANALYZER_NONNULL = YES;
				CLANG_ANALYZER_NUMBER_OBJECT_CONVERSION = YES_AGGRESSIVE;
				CLANG_CXX_LANGUAGE_STANDARD = "gnu++20";
				CLANG_ENABLE_MODULES = YES;
				CLANG_ENABLE_OBJC_ARC = YES;
				CLANG_ENABLE_OBJC_WEAK = YES;
				CLANG_WARN_BLOCK_CAPTURE_AUTORELEASING = YES;
				CLANG_WARN_BOOL_CONVERSION = YES;
				CLANG_WARN_COMMA = YES;
				CLANG_WARN_CONSTANT_CONVERSION = YES;
				CLANG_WARN_DEPRECATED_OBJC_IMPLEMENTATIONS = YES;
				CLANG_WARN_DIRECT_OBJC_ISA_USAGE = YES_ERROR;
				CLANG_WARN_DOCUMENTATION_COMMENTS = YES;
				CLANG_WARN_EMPTY_BODY = YES;
				CLANG_WARN_ENUM_CONVERSION = YES;
				CLANG_WARN_INFINITE_RECURSION = YES;
				CLANG_WARN_INT_CONVERSION = YES;
				CLANG_WARN_NON_LITERAL_NULL_CONVERSION = YES;
				CLANG_WARN_OBJC_IMPLICIT_RETAIN_SELF = YES;
				CLANG_WARN_OBJC_LITERAL_CONVERSION = YES;
				CLANG_WARN_OBJC_ROOT_CLASS = YES_ERROR;
				CLANG_WARN_QUOTED_INCLUDE_IN_FRAMEWORK_HEADER = YES;
				CLANG_WARN_RANGE_LOOP_ANALYSIS = YES;
				CLANG_WARN_STRICT_PROTOTYPES = YES;
				CLANG_WARN_SUSPICIOUS_MOVE = YES;
				CLANG_WARN_UNGUARDED_AVAILABILITY = YES_AGGRESSIVE;
				CLANG_WARN_UNREACHABLE_CODE = YES;
				CLANG_WARN__DUPLICATE_METHOD_MATCH = YES;
				COPY_PHASE_STRIP = NO;
				DEBUG_INFORMATION_FORMAT = dwarf;
				ENABLE_STRICT_OBJC_MSGSEND = YES;
				ENABLE_TESTABILITY = YES;
				ENABLE_USER_SCRIPT_SANDBOXING = YES;
				GCC_C_LANGUAGE_STANDARD = gnu17;
				GCC_DYNAMIC_NO_PIC = NO;
				GCC_NO_COMMON_BLOCKS = YES;
				GCC_OPTIMIZATION_LEVEL = 0;
				GCC_PREPROCESSOR_DEFINITIONS = (
					"DEBUG=1",
					"$(inherited)",
				);
				GCC_WARN_64_TO_32_BIT_CONVERSION = YES;
				GCC_WARN_ABOUT_RETURN_TYPE = YES_ERROR;
				GCC_WARN_UNDECLARED_SELECTOR = YES;
				GCC_WARN_UNINITIALIZED_AUTOS = YES_AGGRESSIVE;
				GCC_WARN_UNUSED_FUNCTION = YES;
				GCC_WARN_UNUSED_VARIABLE = YES;
				IPHONEOS_DEPLOYMENT_TARGET = 17.5;
				LOCALIZATION_PREFERS_STRING_CATALOGS = YES;
				MTL_ENABLE_DEBUG_INFO = INCLUDE_SOURCE;
				MTL_FAST_MATH = YES;
				ONLY_ACTIVE_ARCH = YES;
				SDKROOT = iphoneos;
				SWIFT_ACTIVE_COMPILATION_CONDITIONS = "DEBUG $(inherited)";
				SWIFT_OPTIMIZATION_LEVEL = "-Onone";
			};
			name = Debug;
		};
		0038EDB52D6510B70077E875 /* Release */ = {
			isa = XCBuildConfiguration;
			buildSettings = {
				ALWAYS_SEARCH_USER_PATHS = NO;
				ASSETCATALOG_COMPILER_GENERATE_SWIFT_ASSET_SYMBOL_EXTENSIONS = YES;
				CLANG_ANALYZER_NONNULL = YES;
				CLANG_ANALYZER_NUMBER_OBJECT_CONVERSION = YES_AGGRESSIVE;
				CLANG_CXX_LANGUAGE_STANDARD = "gnu++20";
				CLANG_ENABLE_MODULES = YES;
				CLANG_ENABLE_OBJC_ARC = YES;
				CLANG_ENABLE_OBJC_WEAK = YES;
				CLANG_WARN_BLOCK_CAPTURE_AUTORELEASING = YES;
				CLANG_WARN_BOOL_CONVERSION = YES;
				CLANG_WARN_COMMA = YES;
				CLANG_WARN_CONSTANT_CONVERSION = YES;
				CLANG_WARN_DEPRECATED_OBJC_IMPLEMENTATIONS = YES;
				CLANG_WARN_DIRECT_OBJC_ISA_USAGE = YES_ERROR;
				CLANG_WARN_DOCUMENTATION_COMMENTS = YES;
				CLANG_WARN_EMPTY_BODY = YES;
				CLANG_WARN_ENUM_CONVERSION = YES;
				CLANG_WARN_INFINITE_RECURSION = YES;
				CLANG_WARN_INT_CONVERSION = YES;
				CLANG_WARN_NON_LITERAL_NULL_CONVERSION = YES;
				CLANG_WARN_OBJC_IMPLICIT_RETAIN_SELF = YES;
				CLANG_WARN_OBJC_LITERAL_CONVERSION = YES;
				CLANG_WARN_OBJC_ROOT_CLASS = YES_ERROR;
				CLANG_WARN_QUOTED_INCLUDE_IN_FRAMEWORK_HEADER = YES;
				CLANG_WARN_RANGE_LOOP_ANALYSIS = YES;
				CLANG_WARN_STRICT_PROTOTYPES = YES;
				CLANG_WARN_SUSPICIOUS_MOVE = YES;
				CLANG_WARN_UNGUARDED_AVAILABILITY = YES_AGGRESSIVE;
				CLANG_WARN_UNREACHABLE_CODE = YES;
				CLANG_WARN__DUPLICATE_METHOD_MATCH = YES;
				COPY_PHASE_STRIP = NO;
				DEBUG_INFORMATION_FORMAT = "dwarf-with-dsym";
				ENABLE_NS_ASSERTIONS = NO;
				ENABLE_STRICT_OBJC_MSGSEND = YES;
				ENABLE_USER_SCRIPT_SANDBOXING = YES;
				GCC_C_LANGUAGE_STANDARD = gnu17;
				GCC_NO_COMMON_BLOCKS = YES;
				GCC_WARN_64_TO_32_BIT_CONVERSION = YES;
				GCC_WARN_ABOUT_RETURN_TYPE = YES_ERROR;
				GCC_WARN_UNDECLARED_SELECTOR = YES;
				GCC_WARN_UNINITIALIZED_AUTOS = YES_AGGRESSIVE;
				GCC_WARN_UNUSED_FUNCTION = YES;
				GCC_WARN_UNUSED_VARIABLE = YES;
				IPHONEOS_DEPLOYMENT_TARGET = 17.5;
				LOCALIZATION_PREFERS_STRING_CATALOGS = YES;
				MTL_ENABLE_DEBUG_INFO = NO;
				MTL_FAST_MATH = YES;
				SDKROOT = iphoneos;
				SWIFT_COMPILATION_MODE = wholemodule;
				VALIDATE_PRODUCT = YES;
			};
			name = Release;
		};
		0038EDB72D6510B70077E875 /* Debug */ = {
			isa = XCBuildConfiguration;
			buildSettings = {
				ASSETCATALOG_COMPILER_APPICON_NAME = AppIcon;
				ASSETCATALOG_COMPILER_GLOBAL_ACCENT_COLOR_NAME = AccentColor;
				CODE_SIGN_STYLE = Automatic;
				CURRENT_PROJECT_VERSION = 1;
				DEVELOPMENT_ASSET_PATHS = "\"Space Invaders/Preview Content\"";
				ENABLE_PREVIEWS = YES;
				GENERATE_INFOPLIST_FILE = YES;
				INFOPLIST_KEY_UIApplicationSceneManifest_Generation = YES;
				INFOPLIST_KEY_UIApplicationSupportsIndirectInputEvents = YES;
				INFOPLIST_KEY_UILaunchScreen_Generation = YES;
				INFOPLIST_KEY_UIRequiresFullScreen = YES;
				INFOPLIST_KEY_UIStatusBarHidden = YES;
				INFOPLIST_KEY_UISupportedInterfaceOrientations = "UIInterfaceOrientationPortrait UIInterfaceOrientationPortraitUpsideDown";
				INFOPLIST_KEY_UISupportedInterfaceOrientations_iPad = "UIInterfaceOrientationLandscapeLeft UIInterfaceOrientationLandscapeRight UIInterfaceOrientationPortrait UIInterfaceOrientationPortraitUpsideDown";
				LD_RUNPATH_SEARCH_PATHS = (
					"$(inherited)",
					"@executable_path/Frameworks",
				);
				MARKETING_VERSION = 1.0;
				PRODUCT_BUNDLE_IDENTIFIER = "eva.Space-Invaders";
				PRODUCT_NAME = "$(TARGET_NAME)";
				SWIFT_EMIT_LOC_STRINGS = YES;
				SWIFT_VERSION = 5.0;
				TARGETED_DEVICE_FAMILY = "1,2";
			};
			name = Debug;
		};
		0038EDB82D6510B70077E875 /* Release */ = {
			isa = XCBuildConfiguration;
			buildSettings = {
				ASSETCATALOG_COMPILER_APPICON_NAME = AppIcon;
				ASSETCATALOG_COMPILER_GLOBAL_ACCENT_COLOR_NAME = AccentColor;
				CODE_SIGN_STYLE = Automatic;
				CURRENT_PROJECT_VERSION = 1;
				DEVELOPMENT_ASSET_PATHS = "\"Space Invaders/Preview Content\"";
				ENABLE_PREVIEWS = YES;
				GENERATE_INFOPLIST_FILE = YES;
				INFOPLIST_KEY_UIApplicationSceneManifest_Generation = YES;
				INFOPLIST_KEY_UIApplicationSupportsIndirectInputEvents = YES;
				INFOPLIST_KEY_UILaunchScreen_Generation = YES;
				INFOPLIST_KEY_UIRequiresFullScreen = YES;
				INFOPLIST_KEY_UIStatusBarHidden = YES;
				INFOPLIST_KEY_UISupportedInterfaceOrientations = "UIInterfaceOrientationPortrait UIInterfaceOrientationPortraitUpsideDown";
				INFOPLIST_KEY_UISupportedInterfaceOrientations_iPad = "UIInterfaceOrientationLandscapeLeft UIInterfaceOrientationLandscapeRight UIInterfaceOrientationPortrait UIInterfaceOrientationPortraitUpsideDown";
				LD_RUNPATH_SEARCH_PATHS = (
					"$(inherited)",
					"@executable_path/Frameworks",
				);
				MARKETING_VERSION = 1.0;
				PRODUCT_BUNDLE_IDENTIFIER = "eva.Space-Invaders";
				PRODUCT_NAME = "$(TARGET_NAME)";
				SWIFT_EMIT_LOC_STRINGS = YES;
				SWIFT_VERSION = 5.0;
				TARGETED_DEVICE_FAMILY = "1,2";
			};
			name = Release;
		};
		0038EDBA2D6510B70077E875 /* Debug */ = {
			isa = XCBuildConfiguration;
			buildSettings = {
				ALWAYS_EMBED_SWIFT_STANDARD_LIBRARIES = YES;
				BUNDLE_LOADER = "$(TEST_HOST)";
				CODE_SIGN_STYLE = Automatic;
				CURRENT_PROJECT_VERSION = 1;
				GENERATE_INFOPLIST_FILE = YES;
				IPHONEOS_DEPLOYMENT_TARGET = 17.5;
				MARKETING_VERSION = 1.0;
				PRODUCT_BUNDLE_IDENTIFIER = "eva.Space-InvadersTests";
				PRODUCT_NAME = "$(TARGET_NAME)";
				SWIFT_EMIT_LOC_STRINGS = NO;
				SWIFT_VERSION = 5.0;
				TARGETED_DEVICE_FAMILY = "1,2";
				TEST_HOST = "$(BUILT_PRODUCTS_DIR)/Space Invaders.app/$(BUNDLE_EXECUTABLE_FOLDER_PATH)/Space Invaders";
			};
			name = Debug;
		};
		0038EDBB2D6510B70077E875 /* Release */ = {
			isa = XCBuildConfiguration;
			buildSettings = {
				ALWAYS_EMBED_SWIFT_STANDARD_LIBRARIES = YES;
				BUNDLE_LOADER = "$(TEST_HOST)";
				CODE_SIGN_STYLE = Automatic;
				CURRENT_PROJECT_VERSION = 1;
				GENERATE_INFOPLIST_FILE = YES;
				IPHONEOS_DEPLOYMENT_TARGET = 17.5;
				MARKETING_VERSION = 1.0;
				PRODUCT_BUNDLE_IDENTIFIER = "eva.Space-InvadersTests";
				PRODUCT_NAME = "$(TARGET_NAME)";
				SWIFT_EMIT_LOC_STRINGS = NO;
				SWIFT_VERSION = 5.0;
				TARGETED_DEVICE_FAMILY = "1,2";
				TEST_HOST = "$(BUILT_PRODUCTS_DIR)/Space Invaders.app/$(BUNDLE_EXECUTABLE_FOLDER_PATH)/Space Invaders";
			};
			name = Release;
		};
		0038EDBD2D6510B70077E875 /* Debug */ = {
			isa = XCBuildConfiguration;
			buildSettings = {
				ALWAYS_EMBED_SWIFT_STANDARD_LIBRARIES = YES;
				CODE_SIGN_STYLE = Automatic;
				CURRENT_PROJECT_VERSION = 1;
				GENERATE_INFOPLIST_FILE = YES;
				MARKETING_VERSION = 1.0;
				PRODUCT_BUNDLE_IDENTIFIER = "eva.Space-InvadersUITests";
				PRODUCT_NAME = "$(TARGET_NAME)";
				SWIFT_EMIT_LOC_STRINGS = NO;
				SWIFT_VERSION = 5.0;
				TARGETED_DEVICE_FAMILY = "1,2";
				TEST_TARGET_NAME = "Space Invaders";
			};
			name = Debug;
		};
		0038EDBE2D6510B70077E875 /* Release */ = {
			isa = XCBuildConfiguration;
			buildSettings = {
				ALWAYS_EMBED_SWIFT_STANDARD_LIBRARIES = YES;
				CODE_SIGN_STYLE = Automatic;
				CURRENT_PROJECT_VERSION = 1;
				GENERATE_INFOPLIST_FILE = YES;
				MARKETING_VERSION = 1.0;
				PRODUCT_BUNDLE_IDENTIFIER = "eva.Space-InvadersUITests";
				PRODUCT_NAME = "$(TARGET_NAME)";
				SWIFT_EMIT_LOC_STRINGS = NO;
				SWIFT_VERSION = 5.0;
				TARGETED_DEVICE_FAMILY = "1,2";
				TEST_TARGET_NAME = "Space Invaders";
			};
			name = Release;
		};
/* End XCBuildConfiguration section */

/* Begin XCConfigurationList section */
		0038ED8D2D6510B60077E875 /* Build configuration list for PBXProject "Space Invaders" */ = {
			isa = XCConfigurationList;
			buildConfigurations = (
				0038EDB42D6510B70077E875 /* Debug */,
				0038EDB52D6510B70077E875 /* Release */,
			);
			defaultConfigurationIsVisible = 0;
			defaultConfigurationName = Release;
		};
		0038EDB62D6510B70077E875 /* Build configuration list for PBXNativeTarget "Space Invaders" */ = {
			isa = XCConfigurationList;
			buildConfigurations = (
				0038EDB72D6510B70077E875 /* Debug */,
				0038EDB82D6510B70077E875 /* Release */,
			);
			defaultConfigurationIsVisible = 0;
			defaultConfigurationName = Release;
		};
		0038EDB92D6510B70077E875 /* Build configuration list for PBXNativeTarget "Space InvadersTests" */ = {
			isa = XCConfigurationList;
			buildConfigurations = (
				0038EDBA2D6510B70077E875 /* Debug */,
				0038EDBB2D6510B70077E875 /* Release */,
			);
			defaultConfigurationIsVisible = 0;
			defaultConfigurationName = Release;
		};
		0038EDBC2D6510B70077E875 /* Build configuration list for PBXNativeTarget "Space InvadersUITests" */ = {
			isa = XCConfigurationList;
			buildConfigurations = (
				0038EDBD2D6510B70077E875 /* Debug */,
				0038EDBE2D6510B70077E875 /* Release */,
			);
			defaultConfigurationIsVisible = 0;
			defaultConfigurationName = Release;
		};
/* End XCConfigurationList section */
	};
	rootObject = 0038ED8A2D6510B60077E875 /* Project object */;
}
